
Microsoft Visual Studio Solution File, Format Version 12.00
# Visual Studio Version 17
VisualStudioVersion = 17.14.36804.6 d17.14
MinimumVisualStudioVersion = 10.0.40219.1
Project("{FAE04EC0-301F-11D3-BF4B-00C04F79EFBC}") = "WarehouseAPI", "WarehouseAPI\WarehouseAPI.csproj", "{D3048AE4-45CC-4E37-B9E5-C7513F972F3C}"
EndProject
Global
	GlobalSection(SolutionConfigurationPlatforms) = preSolution
		Debug|Any CPU = Debug|Any CPU
		Release|Any CPU = Release|Any CPU
	EndGlobalSection
	GlobalSection(ProjectConfigurationPlatforms) = postSolution
		{D3048AE4-45CC-4E37-B9E5-C7513F972F3C}.Debug|Any CPU.ActiveCfg = Debug|Any CPU
		{D3048AE4-45CC-4E37-B9E5-C7513F972F3C}.Debug|Any CPU.Build.0 = Debug|Any CPU
		{D3048AE4-45CC-4E37-B9E5-C7513F972F3C}.Release|Any CPU.ActiveCfg = Release|Any CPU
		{D3048AE4-45CC-4E37-B9E5-C7513F972F3C}.Release|Any CPU.Build.0 = Release|Any CPU
	EndGlobalSection
	GlobalSection(SolutionProperties) = preSolution
		HideSolutionNode = FALSE
	EndGlobalSection
	GlobalSection(ExtensibilityGlobals) = postSolution
		SolutionGuid = {B163BEB4-0416-451F-A2F6-0B5C2DA3243D}
	EndGlobalSection
EndGlobal
